
Microsoft Visual Studio Solution File, Format Version 12.00
# Visual Studio Version 16
VisualStudioVersion = 16.0.31205.134
MinimumVisualStudioVersion = 10.0.40219.1
Project("{FAE04EC0-301F-11D3-BF4B-00C04F79EFBC}") = "Emu8086", "Emu8086\Emu8086.csproj", "{CA620916-9CD3-4D42-BFAB-6E72504467EB}"
EndProject
Global
	GlobalSection(SolutionConfigurationPlatforms) = preSolution
		Debug|Any CPU = Debug|Any CPU
		Release|Any CPU = Release|Any CPU
	EndGlobalSection
	GlobalSection(ProjectConfigurationPlatforms) = postSolution
		{CA620916-9CD3-4D42-BFAB-6E72504467EB}.Debug|Any CPU.ActiveCfg = Debug|Any CPU
		{CA620916-9CD3-4D42-BFAB-6E72504467EB}.Debug|Any CPU.Build.0 = Debug|Any CPU
		{CA620916-9CD3-4D42-BFAB-6E72504467EB}.Release|Any CPU.ActiveCfg = Release|Any CPU
		{CA620916-9CD3-4D42-BFAB-6E72504467EB}.Release|Any CPU.Build.0 = Release|Any CPU
	EndGlobalSection
	GlobalSection(SolutionProperties) = preSolution
		HideSolutionNode = FALSE
	EndGlobalSection
	GlobalSection(ExtensibilityGlobals) = postSolution
		SolutionGuid = {72B80230-4FFE-4AC6-B2AB-256EC7737164}
	EndGlobalSection
EndGlobal
